
Microsoft Visual Studio Solution File, Format Version 12.00
# Visual Studio Version 16
VisualStudioVersion = 16.0.29728.190
MinimumVisualStudioVersion = 10.0.40219.1
Project("{FAE04EC0-301F-11D3-BF4B-00C04F79EFBC}") = "SSWLAutoReport", "SSWLAutoReport\SSWLAutoReport.csproj", "{C9275DDC-7087-4F38-B559-ACE12762D9BA}"
EndProject
Project("{FAE04EC0-301F-11D3-BF4B-00C04F79EFBC}") = "SiriusScientific.Core", "SiriusScientific.Core\SiriusScientific.Core.csproj", "{05A50519-5C33-44D8-9AF8-1DB86FBE6395}"
EndProject
Project("{FAE04EC0-301F-11D3-BF4B-00C04F79EFBC}") = "SiriusScientific.Mvvm", "SiriusScientific.Mvvm\SiriusScientific.Mvvm.csproj", "{D1D7A1B1-8E5C-4CCF-8DEB-2774612683E2}"
EndProject
Global
	GlobalSection(SolutionConfigurationPlatforms) = preSolution
		Debug|Any CPU = Debug|Any CPU
		Debug|x64 = Debug|x64
		Release|Any CPU = Release|Any CPU
		Release|x64 = Release|x64
	EndGlobalSection
	GlobalSection(ProjectConfigurationPlatforms) = postSolution
		{C9275DDC-7087-4F38-B559-ACE12762D9BA}.Debug|Any CPU.ActiveCfg = Debug|Any CPU
		{C9275DDC-7087-4F38-B559-ACE12762D9BA}.Debug|Any CPU.Build.0 = Debug|Any CPU
		{C9275DDC-7087-4F38-B559-ACE12762D9BA}.Debug|x64.ActiveCfg = Debug|Any CPU
		{C9275DDC-7087-4F38-B559-ACE12762D9BA}.Debug|x64.Build.0 = Debug|Any CPU
		{C9275DDC-7087-4F38-B559-ACE12762D9BA}.Release|Any CPU.ActiveCfg = Release|Any CPU
		{C9275DDC-7087-4F38-B559-ACE12762D9BA}.Release|Any CPU.Build.0 = Release|Any CPU
		{C9275DDC-7087-4F38-B559-ACE12762D9BA}.Release|x64.ActiveCfg = Release|Any CPU
		{C9275DDC-7087-4F38-B559-ACE12762D9BA}.Release|x64.Build.0 = Release|Any CPU
		{05A50519-5C33-44D8-9AF8-1DB86FBE6395}.Debug|Any CPU.ActiveCfg = Debug|Any CPU
		{05A50519-5C33-44D8-9AF8-1DB86FBE6395}.Debug|Any CPU.Build.0 = Debug|Any CPU
		{05A50519-5C33-44D8-9AF8-1DB86FBE6395}.Debug|x64.ActiveCfg = Debug|x64
		{05A50519-5C33-44D8-9AF8-1DB86FBE6395}.Debug|x64.Build.0 = Debug|x64
		{05A50519-5C33-44D8-9AF8-1DB86FBE6395}.Release|Any CPU.ActiveCfg = Release|Any CPU
		{05A50519-5C33-44D8-9AF8-1DB86FBE6395}.Release|Any CPU.Build.0 = Release|Any CPU
		{05A50519-5C33-44D8-9AF8-1DB86FBE6395}.Release|x64.ActiveCfg = Release|x64
		{05A50519-5C33-44D8-9AF8-1DB86FBE6395}.Release|x64.Build.0 = Release|x64
		{D1D7A1B1-8E5C-4CCF-8DEB-2774612683E2}.Debug|Any CPU.ActiveCfg = Debug|Any CPU
		{D1D7A1B1-8E5C-4CCF-8DEB-2774612683E2}.Debug|Any CPU.Build.0 = Debug|Any CPU
		{D1D7A1B1-8E5C-4CCF-8DEB-2774612683E2}.Debug|x64.ActiveCfg = Debug|Any CPU
		{D1D7A1B1-8E5C-4CCF-8DEB-2774612683E2}.Debug|x64.Build.0 = Debug|Any CPU
		{D1D7A1B1-8E5C-4CCF-8DEB-2774612683E2}.Release|Any CPU.ActiveCfg = Release|Any CPU
		{D1D7A1B1-8E5C-4CCF-8DEB-2774612683E2}.Release|Any CPU.Build.0 = Release|Any CPU
		{D1D7A1B1-8E5C-4CCF-8DEB-2774612683E2}.Release|x64.ActiveCfg = Release|Any CPU
		{D1D7A1B1-8E5C-4CCF-8DEB-2774612683E2}.Release|x64.Build.0 = Release|Any CPU
	EndGlobalSection
	GlobalSection(SolutionProperties) = preSolution
		HideSolutionNode = FALSE
	EndGlobalSection
	GlobalSection(ExtensibilityGlobals) = postSolution
		SolutionGuid = {8CBE1193-9C93-423B-9F50-04EEEB95A6EC}
	EndGlobalSection
EndGlobal
